
Microsoft Visual Studio Solution File, Format Version 12.00
# Visual Studio 14
VisualStudioVersion = 14.0.25420.1
MinimumVisualStudioVersion = 10.0.40219.1
Project("{FAE04EC0-301F-11D3-BF4B-00C04F79EFBC}") = "Logic", "Logic\Logic.csproj", "{958816EA-6D7C-41AA-97E4-2B01D7DD443F}"
EndProject
Project("{FAE04EC0-301F-11D3-BF4B-00C04F79EFBC}") = "LogicTests", "LogicTests\LogicTests.csproj", "{D9F445F5-6DD9-41F4-8DE8-54964521E586}"
EndProject
Global
	GlobalSection(SolutionConfigurationPlatforms) = preSolution
		Debug|Any CPU = Debug|Any CPU
		Release|Any CPU = Release|Any CPU
	EndGlobalSection
	GlobalSection(ProjectConfigurationPlatforms) = postSolution
		{958816EA-6D7C-41AA-97E4-2B01D7DD443F}.Debug|Any CPU.ActiveCfg = Debug|Any CPU
		{958816EA-6D7C-41AA-97E4-2B01D7DD443F}.Debug|Any CPU.Build.0 = Debug|Any CPU
		{958816EA-6D7C-41AA-97E4-2B01D7DD443F}.Release|Any CPU.ActiveCfg = Release|Any CPU
		{958816EA-6D7C-41AA-97E4-2B01D7DD443F}.Release|Any CPU.Build.0 = Release|Any CPU
		{D9F445F5-6DD9-41F4-8DE8-54964521E586}.Debug|Any CPU.ActiveCfg = Debug|Any CPU
		{D9F445F5-6DD9-41F4-8DE8-54964521E586}.Debug|Any CPU.Build.0 = Debug|Any CPU
		{D9F445F5-6DD9-41F4-8DE8-54964521E586}.Release|Any CPU.ActiveCfg = Release|Any CPU
		{D9F445F5-6DD9-41F4-8DE8-54964521E586}.Release|Any CPU.Build.0 = Release|Any CPU
	EndGlobalSection
	GlobalSection(SolutionProperties) = preSolution
		HideSolutionNode = FALSE
	EndGlobalSection
EndGlobal
